
Microsoft Visual Studio Solution File, Format Version 12.00
# Visual Studio Version 17
VisualStudioVersion = 17.5.33627.172
MinimumVisualStudioVersion = 10.0.40219.1
Project("{FAE04EC0-301F-11D3-BF4B-00C04F79EFBC}") = "SalesSoftware", "SalesSoftware\SalesSoftware.csproj", "{ED8FF2CA-C34A-4CE9-B796-EACD7F19E16E}"
EndProject
Global
	GlobalSection(SolutionConfigurationPlatforms) = preSolution
		Debug|Any CPU = Debug|Any CPU
		Release|Any CPU = Release|Any CPU
	EndGlobalSection
	GlobalSection(ProjectConfigurationPlatforms) = postSolution
		{ED8FF2CA-C34A-4CE9-B796-EACD7F19E16E}.Debug|Any CPU.ActiveCfg = Debug|Any CPU
		{ED8FF2CA-C34A-4CE9-B796-EACD7F19E16E}.Debug|Any CPU.Build.0 = Debug|Any CPU
		{ED8FF2CA-C34A-4CE9-B796-EACD7F19E16E}.Release|Any CPU.ActiveCfg = Release|Any CPU
		{ED8FF2CA-C34A-4CE9-B796-EACD7F19E16E}.Release|Any CPU.Build.0 = Release|Any CPU
	EndGlobalSection
	GlobalSection(SolutionProperties) = preSolution
		HideSolutionNode = FALSE
	EndGlobalSection
	GlobalSection(ExtensibilityGlobals) = postSolution
		SolutionGuid = {C2873D78-392A-4F6A-8E6B-21239292ECC2}
	EndGlobalSection
EndGlobal
